<?xml version="1.0" encoding="utf-8"?>
<Project ToolsVersion="4.0" xmlns="http://schemas.microsoft.com/developer/msbuild/2003">
  <ItemGroup>
    <Filter Include="Source Files">
      <UniqueIdentifier>{4FC737F1-C7A5-4376-A066-2A32D752A2FF}</UniqueIdentifier>
      <Extensions>cpp;c;cc;cxx;c++;cppm;ixx;def;odl;idl;hpj;bat;asm;asmx</Extensions>
    </Filter>
    <Filter Include="Resource Files">
      <UniqueIdentifier>{67DA6AB6-F800-4c08-8B7A-83BB121AAD01}</UniqueIdentifier>
      <Extensions>rc;ico;cur;bmp;dlg;rc2;rct;bin;rgs;gif;jpg;jpeg;jpe;resx;tiff;tif;png;wav;mfcribbon-ms</Extensions>
    </Filter>
    <Filter Include="HeaderFiles">
      <UniqueIdentifier>{7166e025-8740-433b-9e47-0ee77bafae61}</UniqueIdentifier>
    </Filter>
  </ItemGroup>
  <ItemGroup>
    <ClCompile Include="SourceFiles\board.cpp">
      <Filter>Source Files</Filter>
    </ClCompile>
    <ClCompile Include="SourceFiles\fruit.cpp">
      <Filter>Source Files</Filter>
    </ClCompile>
    <ClCompile Include="SourceFiles\initializer.cpp">
      <Filter>Source Files</Filter>
    </ClCompile>
    <ClCompile Include="SourceFiles\object.cpp">
      <Filter>Source Files</Filter>
    </ClCompile>
    <ClCompile Include="SourceFiles\snake.cpp">
      <Filter>Source Files</Filter>
    </ClCompile>
    <ClCompile Include="SourceFiles\stone.cpp">
      <Filter>Source Files</Filter>
    </ClCompile>
    <ClCompile Include="SourceFiles\MainWin.cpp">
      <Filter>Source Files</Filter>
    </ClCompile>
  </ItemGroup>
  <ItemGroup>
    <Image Include="images.png">
      <Filter>Resource Files</Filter>
    </Image>
  </ItemGroup>
  <ItemGroup>
    <ClInclude Include="SourceFiles\HeaderFiles\object.hpp">
      <Filter>HeaderFiles</Filter>
    </ClInclude>
    <ClInclude Include="SourceFiles\HeaderFiles\board.hpp">
      <Filter>HeaderFiles</Filter>
    </ClInclude>
    <ClInclude Include="SourceFiles\HeaderFiles\fruit.hpp">
      <Filter>HeaderFiles</Filter>
    </ClInclude>
    <ClInclude Include="SourceFiles\HeaderFiles\initializer.hpp">
      <Filter>HeaderFiles</Filter>
    </ClInclude>
    <ClInclude Include="SourceFiles\HeaderFiles\snake.hpp">
      <Filter>HeaderFiles</Filter>
    </ClInclude>
    <ClInclude Include="SourceFiles\HeaderFiles\stone.hpp">
      <Filter>HeaderFiles</Filter>
    </ClInclude>
    <ClInclude Include="SourceFiles\HeaderFiles\Tiles.hpp">
      <Filter>HeaderFiles</Filter>
    </ClInclude>
  </ItemGroup>
</Project>